
Microsoft Visual Studio Solution File, Format Version 12.00
# Visual Studio 15
VisualStudioVersion = 15.0.28010.2016
MinimumVisualStudioVersion = 10.0.40219.1
Project("{FAE04EC0-301F-11D3-BF4B-00C04F79EFBC}") = "gittepigen1", "gittepigen1\gittepigen1.csproj", "{AD323F17-227D-433E-9453-1D5A8CA2F171}"
EndProject
Global
	GlobalSection(SolutionConfigurationPlatforms) = preSolution
		Debug|Any CPU = Debug|Any CPU
		Release|Any CPU = Release|Any CPU
	EndGlobalSection
	GlobalSection(ProjectConfigurationPlatforms) = postSolution
		{AD323F17-227D-433E-9453-1D5A8CA2F171}.Debug|Any CPU.ActiveCfg = Debug|Any CPU
		{AD323F17-227D-433E-9453-1D5A8CA2F171}.Debug|Any CPU.Build.0 = Debug|Any CPU
		{AD323F17-227D-433E-9453-1D5A8CA2F171}.Release|Any CPU.ActiveCfg = Release|Any CPU
		{AD323F17-227D-433E-9453-1D5A8CA2F171}.Release|Any CPU.Build.0 = Release|Any CPU
	EndGlobalSection
	GlobalSection(SolutionProperties) = preSolution
		HideSolutionNode = FALSE
	EndGlobalSection
	GlobalSection(ExtensibilityGlobals) = postSolution
		SolutionGuid = {B110B026-AEA8-4B33-9726-434638AE74A0}
	EndGlobalSection
EndGlobal
